
Microsoft Visual Studio Solution File, Format Version 12.00
# Visual Studio 14
VisualStudioVersion = 14.0.25420.1
MinimumVisualStudioVersion = 10.0.40219.1
Project("{FAE04EC0-301F-11D3-BF4B-00C04F79EFBC}") = "AnagramCSharp", "AnagramCharp\AnagramCSharp.csproj", "{4F4DE240-D9D5-453C-AB2F-92FEE877FBF3}"
EndProject
Project("{FAE04EC0-301F-11D3-BF4B-00C04F79EFBC}") = "CountOfCharacters", "CountOfCharacters\CountOfCharacters.csproj", "{FD124346-54B4-4E00-A5A1-C766798E68CA}"
EndProject
Project("{FAE04EC0-301F-11D3-BF4B-00C04F79EFBC}") = "MajorityUnsortedArray", "MajorityUnsortedArray\MajorityUnsortedArray.csproj", "{79B1D321-11B5-46AB-9EA7-DB5B7FCB4037}"
EndProject
Project("{FAE04EC0-301F-11D3-BF4B-00C04F79EFBC}") = "SwapNumberWithoutTemp", "SwapNumberWithoutTemp\SwapNumberWithoutTemp.csproj", "{57937B77-A005-4DFC-87F0-0AFC0E5A1A17}"
EndProject
Project("{FAE04EC0-301F-11D3-BF4B-00C04F79EFBC}") = "SumfromArrayToInteger", "SumfromArrayToInteger\SumfromArrayToInteger.csproj", "{B5D583FC-8FF3-494C-A642-7B5AA609489B}"
EndProject
Project("{FAE04EC0-301F-11D3-BF4B-00C04F79EFBC}") = "SinglyLinkedList", "SinglyLinkedList\SinglyLinkedList.csproj", "{28802FD9-BAF1-4DFC-83D9-E729E74CA59F}"
EndProject
Project("{FAE04EC0-301F-11D3-BF4B-00C04F79EFBC}") = "CountNthDigitWithoutString", "CountNthDigitWithoutString\CountNthDigitWithoutString.csproj", "{16AE2992-3B37-4033-94F7-DE3CC025530F}"
EndProject
Project("{FAE04EC0-301F-11D3-BF4B-00C04F79EFBC}") = "CycleInLinkedlist", "CycleInLinkedlist\CycleInLinkedlist.csproj", "{6523FF11-40A6-4CEF-A3E1-1904746A7C82}"
EndProject
Project("{FAE04EC0-301F-11D3-BF4B-00C04F79EFBC}") = "ToFindNodeInLinkedList", "ToFindNodeInLinkedList\ToFindNodeInLinkedList.csproj", "{E4D103C8-79F9-4363-B634-DF7291ECDBB7}"
EndProject
Project("{FAE04EC0-301F-11D3-BF4B-00C04F79EFBC}") = "MainCycleLinkedList", "MainCycleLinkedList\MainCycleLinkedList.csproj", "{6B0D10DF-CE38-4A70-9FFA-74938E292830}"
EndProject
Project("{FAE04EC0-301F-11D3-BF4B-00C04F79EFBC}") = "StringReverse", "ConsoleApplication1\StringReverse.csproj", "{3F8061B9-E5E0-4D39-8854-AB3E4F4CA8B6}"
EndProject
Project("{FAE04EC0-301F-11D3-BF4B-00C04F79EFBC}") = "CountOfTrailingZeroes", "CountOfTrailingZeroes\CountOfTrailingZeroes.csproj", "{53AD39CE-D1A7-40F5-B3A1-845F2AA27F0F}"
EndProject
Project("{FAE04EC0-301F-11D3-BF4B-00C04F79EFBC}") = "RemoveDuplicateCharacterFromString", "RemoveDuplicateCharacterFromString\RemoveDuplicateCharacterFromString.csproj", "{40CFA51B-35C9-45C6-8358-602D9344BCE6}"
EndProject
Project("{FAE04EC0-301F-11D3-BF4B-00C04F79EFBC}") = "Pattern1", "Pattern1\Pattern1.csproj", "{0E078B68-C9C4-47BC-94EF-062E8C961C7D}"
EndProject
Project("{FAE04EC0-301F-11D3-BF4B-00C04F79EFBC}") = "Pattern2", "Pattern2\Pattern2.csproj", "{CA1049DC-F9AC-412F-9A75-59EAB26A2CDB}"
EndProject
Project("{FAE04EC0-301F-11D3-BF4B-00C04F79EFBC}") = "Pattern3", "Pattern3\Pattern3.csproj", "{1A07DC7A-6090-4ECC-8B4C-4D9DA23BD54F}"
EndProject
Project("{FAE04EC0-301F-11D3-BF4B-00C04F79EFBC}") = "Diamond Pattern", "Diamond Pattern\Diamond Pattern.csproj", "{94DF4D16-869F-48D3-B06D-2C7C18BA4371}"
EndProject
Project("{FAE04EC0-301F-11D3-BF4B-00C04F79EFBC}") = "Pattern4", "Pattern4\Pattern4.csproj", "{59D95ABA-CDB3-4A4E-8776-E81F07989B12}"
EndProject
Project("{FAE04EC0-301F-11D3-BF4B-00C04F79EFBC}") = "Password", "Password\Password.csproj", "{FC0FB784-FCFF-4361-AFFC-FE008B33FBD3}"
EndProject
Project("{FAE04EC0-301F-11D3-BF4B-00C04F79EFBC}") = "Asterisks_Pyramid", "Asterisks_Pyramid\Asterisks_Pyramid.csproj", "{56949BD9-C9EB-44BC-8A75-C91D246EA9D6}"
EndProject
Project("{FAE04EC0-301F-11D3-BF4B-00C04F79EFBC}") = "Prime_Number", "Prime_Number\Prime_Number.csproj", "{1E9D6E6B-CFFD-4B74-B03E-2310E3120A29}"
EndProject
Project("{FAE04EC0-301F-11D3-BF4B-00C04F79EFBC}") = "Longest_Repeating_Characters", "Longest_Repeating_Characters\Longest_Repeating_Characters.csproj", "{6E8F86DE-4580-46E4-8B23-F7D90FF990A5}"
EndProject
Project("{FAE04EC0-301F-11D3-BF4B-00C04F79EFBC}") = "Sorting_Selection_Sort", "Sorting_Selection_Sort\Sorting_Selection_Sort.csproj", "{3E5DD6A1-D1BC-4779-A4AD-10FCE9855358}"
EndProject
Project("{FAE04EC0-301F-11D3-BF4B-00C04F79EFBC}") = "PrimeNumbers", "PrimeNumbers\PrimeNumbers.csproj", "{17A0680D-0F69-4DF0-A7C3-BD07F3C79512}"
EndProject
Project("{FAE04EC0-301F-11D3-BF4B-00C04F79EFBC}") = "Sorting_MergeSort", "Sorting_MergeSort\Sorting_MergeSort.csproj", "{51450976-BD8C-45D7-8C09-5D18B5EDCDE8}"
EndProject
Project("{FAE04EC0-301F-11D3-BF4B-00C04F79EFBC}") = "Longest_Consecutive_Characters", "Longest_Consecutive_Characters\Longest_Consecutive_Characters.csproj", "{54301894-D299-406C-A8B9-7511CEF0376F}"
EndProject
Project("{FAE04EC0-301F-11D3-BF4B-00C04F79EFBC}") = "Factor_Prime", "Factor_Prime\Factor_Prime.csproj", "{2D27DC53-120D-446E-9F9E-F3158745D490}"
EndProject
Project("{FAE04EC0-301F-11D3-BF4B-00C04F79EFBC}") = "ReverseStringUsingStringBuilder", "ReverseStringUsingStringBuilder\ReverseStringUsingStringBuilder.csproj", "{5C0B9FB4-74B9-4818-86FA-8BBC786A6BBA}"
EndProject
Project("{FAE04EC0-301F-11D3-BF4B-00C04F79EFBC}") = "Check-SubArrayInArray", "Check-SubArrayInArray\Check-SubArrayInArray.csproj", "{3255312C-46E9-40D1-85BA-C569D2E71726}"
EndProject
Project("{FAE04EC0-301F-11D3-BF4B-00C04F79EFBC}") = "VowelCount", "VowelCount\VowelCount.csproj", "{625CA48B-E47C-44BC-8E9F-C04892FF1015}"
EndProject
Global
	GlobalSection(SolutionConfigurationPlatforms) = preSolution
		Debug|Any CPU = Debug|Any CPU
		Debug|x64 = Debug|x64
		Debug|x86 = Debug|x86
		Release|Any CPU = Release|Any CPU
		Release|x64 = Release|x64
		Release|x86 = Release|x86
	EndGlobalSection
	GlobalSection(ProjectConfigurationPlatforms) = postSolution
		{4F4DE240-D9D5-453C-AB2F-92FEE877FBF3}.Debug|Any CPU.ActiveCfg = Debug|Any CPU
		{4F4DE240-D9D5-453C-AB2F-92FEE877FBF3}.Debug|Any CPU.Build.0 = Debug|Any CPU
		{4F4DE240-D9D5-453C-AB2F-92FEE877FBF3}.Debug|x64.ActiveCfg = Debug|Any CPU
		{4F4DE240-D9D5-453C-AB2F-92FEE877FBF3}.Debug|x64.Build.0 = Debug|Any CPU
		{4F4DE240-D9D5-453C-AB2F-92FEE877FBF3}.Debug|x86.ActiveCfg = Debug|Any CPU
		{4F4DE240-D9D5-453C-AB2F-92FEE877FBF3}.Debug|x86.Build.0 = Debug|Any CPU
		{4F4DE240-D9D5-453C-AB2F-92FEE877FBF3}.Release|Any CPU.ActiveCfg = Release|Any CPU
		{4F4DE240-D9D5-453C-AB2F-92FEE877FBF3}.Release|Any CPU.Build.0 = Release|Any CPU
		{4F4DE240-D9D5-453C-AB2F-92FEE877FBF3}.Release|x64.ActiveCfg = Release|Any CPU
		{4F4DE240-D9D5-453C-AB2F-92FEE877FBF3}.Release|x64.Build.0 = Release|Any CPU
		{4F4DE240-D9D5-453C-AB2F-92FEE877FBF3}.Release|x86.ActiveCfg = Release|Any CPU
		{4F4DE240-D9D5-453C-AB2F-92FEE877FBF3}.Release|x86.Build.0 = Release|Any CPU
		{FD124346-54B4-4E00-A5A1-C766798E68CA}.Debug|Any CPU.ActiveCfg = Debug|Any CPU
		{FD124346-54B4-4E00-A5A1-C766798E68CA}.Debug|Any CPU.Build.0 = Debug|Any CPU
		{FD124346-54B4-4E00-A5A1-C766798E68CA}.Debug|x64.ActiveCfg = Debug|Any CPU
		{FD124346-54B4-4E00-A5A1-C766798E68CA}.Debug|x64.Build.0 = Debug|Any CPU
		{FD124346-54B4-4E00-A5A1-C766798E68CA}.Debug|x86.ActiveCfg = Debug|Any CPU
		{FD124346-54B4-4E00-A5A1-C766798E68CA}.Debug|x86.Build.0 = Debug|Any CPU
		{FD124346-54B4-4E00-A5A1-C766798E68CA}.Release|Any CPU.ActiveCfg = Release|Any CPU
		{FD124346-54B4-4E00-A5A1-C766798E68CA}.Release|Any CPU.Build.0 = Release|Any CPU
		{FD124346-54B4-4E00-A5A1-C766798E68CA}.Release|x64.ActiveCfg = Release|Any CPU
		{FD124346-54B4-4E00-A5A1-C766798E68CA}.Release|x64.Build.0 = Release|Any CPU
		{FD124346-54B4-4E00-A5A1-C766798E68CA}.Release|x86.ActiveCfg = Release|Any CPU
		{FD124346-54B4-4E00-A5A1-C766798E68CA}.Release|x86.Build.0 = Release|Any CPU
		{79B1D321-11B5-46AB-9EA7-DB5B7FCB4037}.Debug|Any CPU.ActiveCfg = Debug|Any CPU
		{79B1D321-11B5-46AB-9EA7-DB5B7FCB4037}.Debug|Any CPU.Build.0 = Debug|Any CPU
		{79B1D321-11B5-46AB-9EA7-DB5B7FCB4037}.Debug|x64.ActiveCfg = Debug|Any CPU
		{79B1D321-11B5-46AB-9EA7-DB5B7FCB4037}.Debug|x64.Build.0 = Debug|Any CPU
		{79B1D321-11B5-46AB-9EA7-DB5B7FCB4037}.Debug|x86.ActiveCfg = Debug|Any CPU
		{79B1D321-11B5-46AB-9EA7-DB5B7FCB4037}.Debug|x86.Build.0 = Debug|Any CPU
		{79B1D321-11B5-46AB-9EA7-DB5B7FCB4037}.Release|Any CPU.ActiveCfg = Release|Any CPU
		{79B1D321-11B5-46AB-9EA7-DB5B7FCB4037}.Release|Any CPU.Build.0 = Release|Any CPU
		{79B1D321-11B5-46AB-9EA7-DB5B7FCB4037}.Release|x64.ActiveCfg = Release|Any CPU
		{79B1D321-11B5-46AB-9EA7-DB5B7FCB4037}.Release|x64.Build.0 = Release|Any CPU
		{79B1D321-11B5-46AB-9EA7-DB5B7FCB4037}.Release|x86.ActiveCfg = Release|Any CPU
		{79B1D321-11B5-46AB-9EA7-DB5B7FCB4037}.Release|x86.Build.0 = Release|Any CPU
		{57937B77-A005-4DFC-87F0-0AFC0E5A1A17}.Debug|Any CPU.ActiveCfg = Debug|Any CPU
		{57937B77-A005-4DFC-87F0-0AFC0E5A1A17}.Debug|Any CPU.Build.0 = Debug|Any CPU
		{57937B77-A005-4DFC-87F0-0AFC0E5A1A17}.Debug|x64.ActiveCfg = Debug|Any CPU
		{57937B77-A005-4DFC-87F0-0AFC0E5A1A17}.Debug|x64.Build.0 = Debug|Any CPU
		{57937B77-A005-4DFC-87F0-0AFC0E5A1A17}.Debug|x86.ActiveCfg = Debug|Any CPU
		{57937B77-A005-4DFC-87F0-0AFC0E5A1A17}.Debug|x86.Build.0 = Debug|Any CPU
		{57937B77-A005-4DFC-87F0-0AFC0E5A1A17}.Release|Any CPU.ActiveCfg = Release|Any CPU
		{57937B77-A005-4DFC-87F0-0AFC0E5A1A17}.Release|Any CPU.Build.0 = Release|Any CPU
		{57937B77-A005-4DFC-87F0-0AFC0E5A1A17}.Release|x64.ActiveCfg = Release|Any CPU
		{57937B77-A005-4DFC-87F0-0AFC0E5A1A17}.Release|x64.Build.0 = Release|Any CPU
		{57937B77-A005-4DFC-87F0-0AFC0E5A1A17}.Release|x86.ActiveCfg = Release|Any CPU
		{57937B77-A005-4DFC-87F0-0AFC0E5A1A17}.Release|x86.Build.0 = Release|Any CPU
		{B5D583FC-8FF3-494C-A642-7B5AA609489B}.Debug|Any CPU.ActiveCfg = Debug|Any CPU
		{B5D583FC-8FF3-494C-A642-7B5AA609489B}.Debug|Any CPU.Build.0 = Debug|Any CPU
		{B5D583FC-8FF3-494C-A642-7B5AA609489B}.Debug|x64.ActiveCfg = Debug|Any CPU
		{B5D583FC-8FF3-494C-A642-7B5AA609489B}.Debug|x64.Build.0 = Debug|Any CPU
		{B5D583FC-8FF3-494C-A642-7B5AA609489B}.Debug|x86.ActiveCfg = Debug|Any CPU
		{B5D583FC-8FF3-494C-A642-7B5AA609489B}.Debug|x86.Build.0 = Debug|Any CPU
		{B5D583FC-8FF3-494C-A642-7B5AA609489B}.Release|Any CPU.ActiveCfg = Release|Any CPU
		{B5D583FC-8FF3-494C-A642-7B5AA609489B}.Release|Any CPU.Build.0 = Release|Any CPU
		{B5D583FC-8FF3-494C-A642-7B5AA609489B}.Release|x64.ActiveCfg = Release|Any CPU
		{B5D583FC-8FF3-494C-A642-7B5AA609489B}.Release|x64.Build.0 = Release|Any CPU
		{B5D583FC-8FF3-494C-A642-7B5AA609489B}.Release|x86.ActiveCfg = Release|Any CPU
		{B5D583FC-8FF3-494C-A642-7B5AA609489B}.Release|x86.Build.0 = Release|Any CPU
		{28802FD9-BAF1-4DFC-83D9-E729E74CA59F}.Debug|Any CPU.ActiveCfg = Debug|Any CPU
		{28802FD9-BAF1-4DFC-83D9-E729E74CA59F}.Debug|Any CPU.Build.0 = Debug|Any CPU
		{28802FD9-BAF1-4DFC-83D9-E729E74CA59F}.Debug|x64.ActiveCfg = Debug|Any CPU
		{28802FD9-BAF1-4DFC-83D9-E729E74CA59F}.Debug|x64.Build.0 = Debug|Any CPU
		{28802FD9-BAF1-4DFC-83D9-E729E74CA59F}.Debug|x86.ActiveCfg = Debug|Any CPU
		{28802FD9-BAF1-4DFC-83D9-E729E74CA59F}.Debug|x86.Build.0 = Debug|Any CPU
		{28802FD9-BAF1-4DFC-83D9-E729E74CA59F}.Release|Any CPU.ActiveCfg = Release|Any CPU
		{28802FD9-BAF1-4DFC-83D9-E729E74CA59F}.Release|Any CPU.Build.0 = Release|Any CPU
		{28802FD9-BAF1-4DFC-83D9-E729E74CA59F}.Release|x64.ActiveCfg = Release|Any CPU
		{28802FD9-BAF1-4DFC-83D9-E729E74CA59F}.Release|x64.Build.0 = Release|Any CPU
		{28802FD9-BAF1-4DFC-83D9-E729E74CA59F}.Release|x86.ActiveCfg = Release|Any CPU
		{28802FD9-BAF1-4DFC-83D9-E729E74CA59F}.Release|x86.Build.0 = Release|Any CPU
		{16AE2992-3B37-4033-94F7-DE3CC025530F}.Debug|Any CPU.ActiveCfg = Debug|Any CPU
		{16AE2992-3B37-4033-94F7-DE3CC025530F}.Debug|Any CPU.Build.0 = Debug|Any CPU
		{16AE2992-3B37-4033-94F7-DE3CC025530F}.Debug|x64.ActiveCfg = Debug|Any CPU
		{16AE2992-3B37-4033-94F7-DE3CC025530F}.Debug|x64.Build.0 = Debug|Any CPU
		{16AE2992-3B37-4033-94F7-DE3CC025530F}.Debug|x86.ActiveCfg = Debug|Any CPU
		{16AE2992-3B37-4033-94F7-DE3CC025530F}.Debug|x86.Build.0 = Debug|Any CPU
		{16AE2992-3B37-4033-94F7-DE3CC025530F}.Release|Any CPU.ActiveCfg = Release|Any CPU
		{16AE2992-3B37-4033-94F7-DE3CC025530F}.Release|Any CPU.Build.0 = Release|Any CPU
		{16AE2992-3B37-4033-94F7-DE3CC025530F}.Release|x64.ActiveCfg = Release|Any CPU
		{16AE2992-3B37-4033-94F7-DE3CC025530F}.Release|x64.Build.0 = Release|Any CPU
		{16AE2992-3B37-4033-94F7-DE3CC025530F}.Release|x86.ActiveCfg = Release|Any CPU
		{16AE2992-3B37-4033-94F7-DE3CC025530F}.Release|x86.Build.0 = Release|Any CPU
		{6523FF11-40A6-4CEF-A3E1-1904746A7C82}.Debug|Any CPU.ActiveCfg = Debug|Any CPU
		{6523FF11-40A6-4CEF-A3E1-1904746A7C82}.Debug|Any CPU.Build.0 = Debug|Any CPU
		{6523FF11-40A6-4CEF-A3E1-1904746A7C82}.Debug|x64.ActiveCfg = Debug|Any CPU
		{6523FF11-40A6-4CEF-A3E1-1904746A7C82}.Debug|x64.Build.0 = Debug|Any CPU
		{6523FF11-40A6-4CEF-A3E1-1904746A7C82}.Debug|x86.ActiveCfg = Debug|Any CPU
		{6523FF11-40A6-4CEF-A3E1-1904746A7C82}.Debug|x86.Build.0 = Debug|Any CPU
		{6523FF11-40A6-4CEF-A3E1-1904746A7C82}.Release|Any CPU.ActiveCfg = Release|Any CPU
		{6523FF11-40A6-4CEF-A3E1-1904746A7C82}.Release|Any CPU.Build.0 = Release|Any CPU
		{6523FF11-40A6-4CEF-A3E1-1904746A7C82}.Release|x64.ActiveCfg = Release|Any CPU
		{6523FF11-40A6-4CEF-A3E1-1904746A7C82}.Release|x64.Build.0 = Release|Any CPU
		{6523FF11-40A6-4CEF-A3E1-1904746A7C82}.Release|x86.ActiveCfg = Release|Any CPU
		{6523FF11-40A6-4CEF-A3E1-1904746A7C82}.Release|x86.Build.0 = Release|Any CPU
		{E4D103C8-79F9-4363-B634-DF7291ECDBB7}.Debug|Any CPU.ActiveCfg = Debug|Any CPU
		{E4D103C8-79F9-4363-B634-DF7291ECDBB7}.Debug|Any CPU.Build.0 = Debug|Any CPU
		{E4D103C8-79F9-4363-B634-DF7291ECDBB7}.Debug|x64.ActiveCfg = Debug|Any CPU
		{E4D103C8-79F9-4363-B634-DF7291ECDBB7}.Debug|x64.Build.0 = Debug|Any CPU
		{E4D103C8-79F9-4363-B634-DF7291ECDBB7}.Debug|x86.ActiveCfg = Debug|Any CPU
		{E4D103C8-79F9-4363-B634-DF7291ECDBB7}.Debug|x86.Build.0 = Debug|Any CPU
		{E4D103C8-79F9-4363-B634-DF7291ECDBB7}.Release|Any CPU.ActiveCfg = Release|Any CPU
		{E4D103C8-79F9-4363-B634-DF7291ECDBB7}.Release|Any CPU.Build.0 = Release|Any CPU
		{E4D103C8-79F9-4363-B634-DF7291ECDBB7}.Release|x64.ActiveCfg = Release|Any CPU
		{E4D103C8-79F9-4363-B634-DF7291ECDBB7}.Release|x64.Build.0 = Release|Any CPU
		{E4D103C8-79F9-4363-B634-DF7291ECDBB7}.Release|x86.ActiveCfg = Release|Any CPU
		{E4D103C8-79F9-4363-B634-DF7291ECDBB7}.Release|x86.Build.0 = Release|Any CPU
		{6B0D10DF-CE38-4A70-9FFA-74938E292830}.Debug|Any CPU.ActiveCfg = Debug|Any CPU
		{6B0D10DF-CE38-4A70-9FFA-74938E292830}.Debug|Any CPU.Build.0 = Debug|Any CPU
		{6B0D10DF-CE38-4A70-9FFA-74938E292830}.Debug|x64.ActiveCfg = Debug|Any CPU
		{6B0D10DF-CE38-4A70-9FFA-74938E292830}.Debug|x64.Build.0 = Debug|Any CPU
		{6B0D10DF-CE38-4A70-9FFA-74938E292830}.Debug|x86.ActiveCfg = Debug|Any CPU
		{6B0D10DF-CE38-4A70-9FFA-74938E292830}.Debug|x86.Build.0 = Debug|Any CPU
		{6B0D10DF-CE38-4A70-9FFA-74938E292830}.Release|Any CPU.ActiveCfg = Release|Any CPU
		{6B0D10DF-CE38-4A70-9FFA-74938E292830}.Release|Any CPU.Build.0 = Release|Any CPU
		{6B0D10DF-CE38-4A70-9FFA-74938E292830}.Release|x64.ActiveCfg = Release|Any CPU
		{6B0D10DF-CE38-4A70-9FFA-74938E292830}.Release|x64.Build.0 = Release|Any CPU
		{6B0D10DF-CE38-4A70-9FFA-74938E292830}.Release|x86.ActiveCfg = Release|Any CPU
		{6B0D10DF-CE38-4A70-9FFA-74938E292830}.Release|x86.Build.0 = Release|Any CPU
		{3F8061B9-E5E0-4D39-8854-AB3E4F4CA8B6}.Debug|Any CPU.ActiveCfg = Debug|Any CPU
		{3F8061B9-E5E0-4D39-8854-AB3E4F4CA8B6}.Debug|Any CPU.Build.0 = Debug|Any CPU
		{3F8061B9-E5E0-4D39-8854-AB3E4F4CA8B6}.Debug|x64.ActiveCfg = Debug|Any CPU
		{3F8061B9-E5E0-4D39-8854-AB3E4F4CA8B6}.Debug|x64.Build.0 = Debug|Any CPU
		{3F8061B9-E5E0-4D39-8854-AB3E4F4CA8B6}.Debug|x86.ActiveCfg = Debug|Any CPU
		{3F8061B9-E5E0-4D39-8854-AB3E4F4CA8B6}.Debug|x86.Build.0 = Debug|Any CPU
		{3F8061B9-E5E0-4D39-8854-AB3E4F4CA8B6}.Release|Any CPU.ActiveCfg = Release|Any CPU
		{3F8061B9-E5E0-4D39-8854-AB3E4F4CA8B6}.Release|Any CPU.Build.0 = Release|Any CPU
		{3F8061B9-E5E0-4D39-8854-AB3E4F4CA8B6}.Release|x64.ActiveCfg = Release|Any CPU
		{3F8061B9-E5E0-4D39-8854-AB3E4F4CA8B6}.Release|x64.Build.0 = Release|Any CPU
		{3F8061B9-E5E0-4D39-8854-AB3E4F4CA8B6}.Release|x86.ActiveCfg = Release|Any CPU
		{3F8061B9-E5E0-4D39-8854-AB3E4F4CA8B6}.Release|x86.Build.0 = Release|Any CPU
		{53AD39CE-D1A7-40F5-B3A1-845F2AA27F0F}.Debug|Any CPU.ActiveCfg = Debug|Any CPU
		{53AD39CE-D1A7-40F5-B3A1-845F2AA27F0F}.Debug|Any CPU.Build.0 = Debug|Any CPU
		{53AD39CE-D1A7-40F5-B3A1-845F2AA27F0F}.Debug|x64.ActiveCfg = Debug|Any CPU
		{53AD39CE-D1A7-40F5-B3A1-845F2AA27F0F}.Debug|x64.Build.0 = Debug|Any CPU
		{53AD39CE-D1A7-40F5-B3A1-845F2AA27F0F}.Debug|x86.ActiveCfg = Debug|Any CPU
		{53AD39CE-D1A7-40F5-B3A1-845F2AA27F0F}.Debug|x86.Build.0 = Debug|Any CPU
		{53AD39CE-D1A7-40F5-B3A1-845F2AA27F0F}.Release|Any CPU.ActiveCfg = Release|Any CPU
		{53AD39CE-D1A7-40F5-B3A1-845F2AA27F0F}.Release|Any CPU.Build.0 = Release|Any CPU
		{53AD39CE-D1A7-40F5-B3A1-845F2AA27F0F}.Release|x64.ActiveCfg = Release|Any CPU
		{53AD39CE-D1A7-40F5-B3A1-845F2AA27F0F}.Release|x64.Build.0 = Release|Any CPU
		{53AD39CE-D1A7-40F5-B3A1-845F2AA27F0F}.Release|x86.ActiveCfg = Release|Any CPU
		{53AD39CE-D1A7-40F5-B3A1-845F2AA27F0F}.Release|x86.Build.0 = Release|Any CPU
		{40CFA51B-35C9-45C6-8358-602D9344BCE6}.Debug|Any CPU.ActiveCfg = Debug|Any CPU
		{40CFA51B-35C9-45C6-8358-602D9344BCE6}.Debug|Any CPU.Build.0 = Debug|Any CPU
		{40CFA51B-35C9-45C6-8358-602D9344BCE6}.Debug|x64.ActiveCfg = Debug|Any CPU
		{40CFA51B-35C9-45C6-8358-602D9344BCE6}.Debug|x64.Build.0 = Debug|Any CPU
		{40CFA51B-35C9-45C6-8358-602D9344BCE6}.Debug|x86.ActiveCfg = Debug|Any CPU
		{40CFA51B-35C9-45C6-8358-602D9344BCE6}.Debug|x86.Build.0 = Debug|Any CPU
		{40CFA51B-35C9-45C6-8358-602D9344BCE6}.Release|Any CPU.ActiveCfg = Release|Any CPU
		{40CFA51B-35C9-45C6-8358-602D9344BCE6}.Release|Any CPU.Build.0 = Release|Any CPU
		{40CFA51B-35C9-45C6-8358-602D9344BCE6}.Release|x64.ActiveCfg = Release|Any CPU
		{40CFA51B-35C9-45C6-8358-602D9344BCE6}.Release|x64.Build.0 = Release|Any CPU
		{40CFA51B-35C9-45C6-8358-602D9344BCE6}.Release|x86.ActiveCfg = Release|Any CPU
		{40CFA51B-35C9-45C6-8358-602D9344BCE6}.Release|x86.Build.0 = Release|Any CPU
		{0E078B68-C9C4-47BC-94EF-062E8C961C7D}.Debug|Any CPU.ActiveCfg = Debug|Any CPU
		{0E078B68-C9C4-47BC-94EF-062E8C961C7D}.Debug|Any CPU.Build.0 = Debug|Any CPU
		{0E078B68-C9C4-47BC-94EF-062E8C961C7D}.Debug|x64.ActiveCfg = Debug|Any CPU
		{0E078B68-C9C4-47BC-94EF-062E8C961C7D}.Debug|x64.Build.0 = Debug|Any CPU
		{0E078B68-C9C4-47BC-94EF-062E8C961C7D}.Debug|x86.ActiveCfg = Debug|Any CPU
		{0E078B68-C9C4-47BC-94EF-062E8C961C7D}.Debug|x86.Build.0 = Debug|Any CPU
		{0E078B68-C9C4-47BC-94EF-062E8C961C7D}.Release|Any CPU.ActiveCfg = Release|Any CPU
		{0E078B68-C9C4-47BC-94EF-062E8C961C7D}.Release|Any CPU.Build.0 = Release|Any CPU
		{0E078B68-C9C4-47BC-94EF-062E8C961C7D}.Release|x64.ActiveCfg = Release|Any CPU
		{0E078B68-C9C4-47BC-94EF-062E8C961C7D}.Release|x64.Build.0 = Release|Any CPU
		{0E078B68-C9C4-47BC-94EF-062E8C961C7D}.Release|x86.ActiveCfg = Release|Any CPU
		{0E078B68-C9C4-47BC-94EF-062E8C961C7D}.Release|x86.Build.0 = Release|Any CPU
		{CA1049DC-F9AC-412F-9A75-59EAB26A2CDB}.Debug|Any CPU.ActiveCfg = Debug|Any CPU
		{CA1049DC-F9AC-412F-9A75-59EAB26A2CDB}.Debug|Any CPU.Build.0 = Debug|Any CPU
		{CA1049DC-F9AC-412F-9A75-59EAB26A2CDB}.Debug|x64.ActiveCfg = Debug|Any CPU
		{CA1049DC-F9AC-412F-9A75-59EAB26A2CDB}.Debug|x64.Build.0 = Debug|Any CPU
		{CA1049DC-F9AC-412F-9A75-59EAB26A2CDB}.Debug|x86.ActiveCfg = Debug|Any CPU
		{CA1049DC-F9AC-412F-9A75-59EAB26A2CDB}.Debug|x86.Build.0 = Debug|Any CPU
		{CA1049DC-F9AC-412F-9A75-59EAB26A2CDB}.Release|Any CPU.ActiveCfg = Release|Any CPU
		{CA1049DC-F9AC-412F-9A75-59EAB26A2CDB}.Release|Any CPU.Build.0 = Release|Any CPU
		{CA1049DC-F9AC-412F-9A75-59EAB26A2CDB}.Release|x64.ActiveCfg = Release|Any CPU
		{CA1049DC-F9AC-412F-9A75-59EAB26A2CDB}.Release|x64.Build.0 = Release|Any CPU
		{CA1049DC-F9AC-412F-9A75-59EAB26A2CDB}.Release|x86.ActiveCfg = Release|Any CPU
		{CA1049DC-F9AC-412F-9A75-59EAB26A2CDB}.Release|x86.Build.0 = Release|Any CPU
		{1A07DC7A-6090-4ECC-8B4C-4D9DA23BD54F}.Debug|Any CPU.ActiveCfg = Debug|Any CPU
		{1A07DC7A-6090-4ECC-8B4C-4D9DA23BD54F}.Debug|Any CPU.Build.0 = Debug|Any CPU
		{1A07DC7A-6090-4ECC-8B4C-4D9DA23BD54F}.Debug|x64.ActiveCfg = Debug|Any CPU
		{1A07DC7A-6090-4ECC-8B4C-4D9DA23BD54F}.Debug|x64.Build.0 = Debug|Any CPU
		{1A07DC7A-6090-4ECC-8B4C-4D9DA23BD54F}.Debug|x86.ActiveCfg = Debug|Any CPU
		{1A07DC7A-6090-4ECC-8B4C-4D9DA23BD54F}.Debug|x86.Build.0 = Debug|Any CPU
		{1A07DC7A-6090-4ECC-8B4C-4D9DA23BD54F}.Release|Any CPU.ActiveCfg = Release|Any CPU
		{1A07DC7A-6090-4ECC-8B4C-4D9DA23BD54F}.Release|Any CPU.Build.0 = Release|Any CPU
		{1A07DC7A-6090-4ECC-8B4C-4D9DA23BD54F}.Release|x64.ActiveCfg = Release|Any CPU
		{1A07DC7A-6090-4ECC-8B4C-4D9DA23BD54F}.Release|x64.Build.0 = Release|Any CPU
		{1A07DC7A-6090-4ECC-8B4C-4D9DA23BD54F}.Release|x86.ActiveCfg = Release|Any CPU
		{1A07DC7A-6090-4ECC-8B4C-4D9DA23BD54F}.Release|x86.Build.0 = Release|Any CPU
		{94DF4D16-869F-48D3-B06D-2C7C18BA4371}.Debug|Any CPU.ActiveCfg = Debug|Any CPU
		{94DF4D16-869F-48D3-B06D-2C7C18BA4371}.Debug|Any CPU.Build.0 = Debug|Any CPU
		{94DF4D16-869F-48D3-B06D-2C7C18BA4371}.Debug|x64.ActiveCfg = Debug|Any CPU
		{94DF4D16-869F-48D3-B06D-2C7C18BA4371}.Debug|x64.Build.0 = Debug|Any CPU
		{94DF4D16-869F-48D3-B06D-2C7C18BA4371}.Debug|x86.ActiveCfg = Debug|Any CPU
		{94DF4D16-869F-48D3-B06D-2C7C18BA4371}.Debug|x86.Build.0 = Debug|Any CPU
		{94DF4D16-869F-48D3-B06D-2C7C18BA4371}.Release|Any CPU.ActiveCfg = Release|Any CPU
		{94DF4D16-869F-48D3-B06D-2C7C18BA4371}.Release|Any CPU.Build.0 = Release|Any CPU
		{94DF4D16-869F-48D3-B06D-2C7C18BA4371}.Release|x64.ActiveCfg = Release|Any CPU
		{94DF4D16-869F-48D3-B06D-2C7C18BA4371}.Release|x64.Build.0 = Release|Any CPU
		{94DF4D16-869F-48D3-B06D-2C7C18BA4371}.Release|x86.ActiveCfg = Release|Any CPU
		{94DF4D16-869F-48D3-B06D-2C7C18BA4371}.Release|x86.Build.0 = Release|Any CPU
		{59D95ABA-CDB3-4A4E-8776-E81F07989B12}.Debug|Any CPU.ActiveCfg = Debug|Any CPU
		{59D95ABA-CDB3-4A4E-8776-E81F07989B12}.Debug|Any CPU.Build.0 = Debug|Any CPU
		{59D95ABA-CDB3-4A4E-8776-E81F07989B12}.Debug|x64.ActiveCfg = Debug|Any CPU
		{59D95ABA-CDB3-4A4E-8776-E81F07989B12}.Debug|x64.Build.0 = Debug|Any CPU
		{59D95ABA-CDB3-4A4E-8776-E81F07989B12}.Debug|x86.ActiveCfg = Debug|Any CPU
		{59D95ABA-CDB3-4A4E-8776-E81F07989B12}.Debug|x86.Build.0 = Debug|Any CPU
		{59D95ABA-CDB3-4A4E-8776-E81F07989B12}.Release|Any CPU.ActiveCfg = Release|Any CPU
		{59D95ABA-CDB3-4A4E-8776-E81F07989B12}.Release|Any CPU.Build.0 = Release|Any CPU
		{59D95ABA-CDB3-4A4E-8776-E81F07989B12}.Release|x64.ActiveCfg = Release|Any CPU
		{59D95ABA-CDB3-4A4E-8776-E81F07989B12}.Release|x64.Build.0 = Release|Any CPU
		{59D95ABA-CDB3-4A4E-8776-E81F07989B12}.Release|x86.ActiveCfg = Release|Any CPU
		{59D95ABA-CDB3-4A4E-8776-E81F07989B12}.Release|x86.Build.0 = Release|Any CPU
		{FC0FB784-FCFF-4361-AFFC-FE008B33FBD3}.Debug|Any CPU.ActiveCfg = Debug|Any CPU
		{FC0FB784-FCFF-4361-AFFC-FE008B33FBD3}.Debug|Any CPU.Build.0 = Debug|Any CPU
		{FC0FB784-FCFF-4361-AFFC-FE008B33FBD3}.Debug|x64.ActiveCfg = Debug|Any CPU
		{FC0FB784-FCFF-4361-AFFC-FE008B33FBD3}.Debug|x64.Build.0 = Debug|Any CPU
		{FC0FB784-FCFF-4361-AFFC-FE008B33FBD3}.Debug|x86.ActiveCfg = Debug|Any CPU
		{FC0FB784-FCFF-4361-AFFC-FE008B33FBD3}.Debug|x86.Build.0 = Debug|Any CPU
		{FC0FB784-FCFF-4361-AFFC-FE008B33FBD3}.Release|Any CPU.ActiveCfg = Release|Any CPU
		{FC0FB784-FCFF-4361-AFFC-FE008B33FBD3}.Release|Any CPU.Build.0 = Release|Any CPU
		{FC0FB784-FCFF-4361-AFFC-FE008B33FBD3}.Release|x64.ActiveCfg = Release|Any CPU
		{FC0FB784-FCFF-4361-AFFC-FE008B33FBD3}.Release|x64.Build.0 = Release|Any CPU
		{FC0FB784-FCFF-4361-AFFC-FE008B33FBD3}.Release|x86.ActiveCfg = Release|Any CPU
		{FC0FB784-FCFF-4361-AFFC-FE008B33FBD3}.Release|x86.Build.0 = Release|Any CPU
		{56949BD9-C9EB-44BC-8A75-C91D246EA9D6}.Debug|Any CPU.ActiveCfg = Debug|Any CPU
		{56949BD9-C9EB-44BC-8A75-C91D246EA9D6}.Debug|Any CPU.Build.0 = Debug|Any CPU
		{56949BD9-C9EB-44BC-8A75-C91D246EA9D6}.Debug|x64.ActiveCfg = Debug|Any CPU
		{56949BD9-C9EB-44BC-8A75-C91D246EA9D6}.Debug|x64.Build.0 = Debug|Any CPU
		{56949BD9-C9EB-44BC-8A75-C91D246EA9D6}.Debug|x86.ActiveCfg = Debug|Any CPU
		{56949BD9-C9EB-44BC-8A75-C91D246EA9D6}.Debug|x86.Build.0 = Debug|Any CPU
		{56949BD9-C9EB-44BC-8A75-C91D246EA9D6}.Release|Any CPU.ActiveCfg = Release|Any CPU
		{56949BD9-C9EB-44BC-8A75-C91D246EA9D6}.Release|Any CPU.Build.0 = Release|Any CPU
		{56949BD9-C9EB-44BC-8A75-C91D246EA9D6}.Release|x64.ActiveCfg = Release|Any CPU
		{56949BD9-C9EB-44BC-8A75-C91D246EA9D6}.Release|x64.Build.0 = Release|Any CPU
		{56949BD9-C9EB-44BC-8A75-C91D246EA9D6}.Release|x86.ActiveCfg = Release|Any CPU
		{56949BD9-C9EB-44BC-8A75-C91D246EA9D6}.Release|x86.Build.0 = Release|Any CPU
		{1E9D6E6B-CFFD-4B74-B03E-2310E3120A29}.Debug|Any CPU.ActiveCfg = Debug|Any CPU
		{1E9D6E6B-CFFD-4B74-B03E-2310E3120A29}.Debug|Any CPU.Build.0 = Debug|Any CPU
		{1E9D6E6B-CFFD-4B74-B03E-2310E3120A29}.Debug|x64.ActiveCfg = Debug|Any CPU
		{1E9D6E6B-CFFD-4B74-B03E-2310E3120A29}.Debug|x64.Build.0 = Debug|Any CPU
		{1E9D6E6B-CFFD-4B74-B03E-2310E3120A29}.Debug|x86.ActiveCfg = Debug|Any CPU
		{1E9D6E6B-CFFD-4B74-B03E-2310E3120A29}.Debug|x86.Build.0 = Debug|Any CPU
		{1E9D6E6B-CFFD-4B74-B03E-2310E3120A29}.Release|Any CPU.ActiveCfg = Release|Any CPU
		{1E9D6E6B-CFFD-4B74-B03E-2310E3120A29}.Release|Any CPU.Build.0 = Release|Any CPU
		{1E9D6E6B-CFFD-4B74-B03E-2310E3120A29}.Release|x64.ActiveCfg = Release|Any CPU
		{1E9D6E6B-CFFD-4B74-B03E-2310E3120A29}.Release|x64.Build.0 = Release|Any CPU
		{1E9D6E6B-CFFD-4B74-B03E-2310E3120A29}.Release|x86.ActiveCfg = Release|Any CPU
		{1E9D6E6B-CFFD-4B74-B03E-2310E3120A29}.Release|x86.Build.0 = Release|Any CPU
		{6E8F86DE-4580-46E4-8B23-F7D90FF990A5}.Debug|Any CPU.ActiveCfg = Debug|Any CPU
		{6E8F86DE-4580-46E4-8B23-F7D90FF990A5}.Debug|Any CPU.Build.0 = Debug|Any CPU
		{6E8F86DE-4580-46E4-8B23-F7D90FF990A5}.Debug|x64.ActiveCfg = Debug|Any CPU
		{6E8F86DE-4580-46E4-8B23-F7D90FF990A5}.Debug|x64.Build.0 = Debug|Any CPU
		{6E8F86DE-4580-46E4-8B23-F7D90FF990A5}.Debug|x86.ActiveCfg = Debug|Any CPU
		{6E8F86DE-4580-46E4-8B23-F7D90FF990A5}.Debug|x86.Build.0 = Debug|Any CPU
		{6E8F86DE-4580-46E4-8B23-F7D90FF990A5}.Release|Any CPU.ActiveCfg = Release|Any CPU
		{6E8F86DE-4580-46E4-8B23-F7D90FF990A5}.Release|Any CPU.Build.0 = Release|Any CPU
		{6E8F86DE-4580-46E4-8B23-F7D90FF990A5}.Release|x64.ActiveCfg = Release|Any CPU
		{6E8F86DE-4580-46E4-8B23-F7D90FF990A5}.Release|x64.Build.0 = Release|Any CPU
		{6E8F86DE-4580-46E4-8B23-F7D90FF990A5}.Release|x86.ActiveCfg = Release|Any CPU
		{6E8F86DE-4580-46E4-8B23-F7D90FF990A5}.Release|x86.Build.0 = Release|Any CPU
		{3E5DD6A1-D1BC-4779-A4AD-10FCE9855358}.Debug|Any CPU.ActiveCfg = Debug|Any CPU
		{3E5DD6A1-D1BC-4779-A4AD-10FCE9855358}.Debug|Any CPU.Build.0 = Debug|Any CPU
		{3E5DD6A1-D1BC-4779-A4AD-10FCE9855358}.Debug|x64.ActiveCfg = Debug|Any CPU
		{3E5DD6A1-D1BC-4779-A4AD-10FCE9855358}.Debug|x64.Build.0 = Debug|Any CPU
		{3E5DD6A1-D1BC-4779-A4AD-10FCE9855358}.Debug|x86.ActiveCfg = Debug|Any CPU
		{3E5DD6A1-D1BC-4779-A4AD-10FCE9855358}.Debug|x86.Build.0 = Debug|Any CPU
		{3E5DD6A1-D1BC-4779-A4AD-10FCE9855358}.Release|Any CPU.ActiveCfg = Release|Any CPU
		{3E5DD6A1-D1BC-4779-A4AD-10FCE9855358}.Release|Any CPU.Build.0 = Release|Any CPU
		{3E5DD6A1-D1BC-4779-A4AD-10FCE9855358}.Release|x64.ActiveCfg = Release|Any CPU
		{3E5DD6A1-D1BC-4779-A4AD-10FCE9855358}.Release|x64.Build.0 = Release|Any CPU
		{3E5DD6A1-D1BC-4779-A4AD-10FCE9855358}.Release|x86.ActiveCfg = Release|Any CPU
		{3E5DD6A1-D1BC-4779-A4AD-10FCE9855358}.Release|x86.Build.0 = Release|Any CPU
		{17A0680D-0F69-4DF0-A7C3-BD07F3C79512}.Debug|Any CPU.ActiveCfg = Debug|Any CPU
		{17A0680D-0F69-4DF0-A7C3-BD07F3C79512}.Debug|Any CPU.Build.0 = Debug|Any CPU
		{17A0680D-0F69-4DF0-A7C3-BD07F3C79512}.Debug|x64.ActiveCfg = Debug|Any CPU
		{17A0680D-0F69-4DF0-A7C3-BD07F3C79512}.Debug|x64.Build.0 = Debug|Any CPU
		{17A0680D-0F69-4DF0-A7C3-BD07F3C79512}.Debug|x86.ActiveCfg = Debug|Any CPU
		{17A0680D-0F69-4DF0-A7C3-BD07F3C79512}.Debug|x86.Build.0 = Debug|Any CPU
		{17A0680D-0F69-4DF0-A7C3-BD07F3C79512}.Release|Any CPU.ActiveCfg = Release|Any CPU
		{17A0680D-0F69-4DF0-A7C3-BD07F3C79512}.Release|Any CPU.Build.0 = Release|Any CPU
		{17A0680D-0F69-4DF0-A7C3-BD07F3C79512}.Release|x64.ActiveCfg = Release|Any CPU
		{17A0680D-0F69-4DF0-A7C3-BD07F3C79512}.Release|x64.Build.0 = Release|Any CPU
		{17A0680D-0F69-4DF0-A7C3-BD07F3C79512}.Release|x86.ActiveCfg = Release|Any CPU
		{17A0680D-0F69-4DF0-A7C3-BD07F3C79512}.Release|x86.Build.0 = Release|Any CPU
		{51450976-BD8C-45D7-8C09-5D18B5EDCDE8}.Debug|Any CPU.ActiveCfg = Debug|Any CPU
		{51450976-BD8C-45D7-8C09-5D18B5EDCDE8}.Debug|Any CPU.Build.0 = Debug|Any CPU
		{51450976-BD8C-45D7-8C09-5D18B5EDCDE8}.Debug|x64.ActiveCfg = Debug|Any CPU
		{51450976-BD8C-45D7-8C09-5D18B5EDCDE8}.Debug|x64.Build.0 = Debug|Any CPU
		{51450976-BD8C-45D7-8C09-5D18B5EDCDE8}.Debug|x86.ActiveCfg = Debug|Any CPU
		{51450976-BD8C-45D7-8C09-5D18B5EDCDE8}.Debug|x86.Build.0 = Debug|Any CPU
		{51450976-BD8C-45D7-8C09-5D18B5EDCDE8}.Release|Any CPU.ActiveCfg = Release|Any CPU
		{51450976-BD8C-45D7-8C09-5D18B5EDCDE8}.Release|Any CPU.Build.0 = Release|Any CPU
		{51450976-BD8C-45D7-8C09-5D18B5EDCDE8}.Release|x64.ActiveCfg = Release|Any CPU
		{51450976-BD8C-45D7-8C09-5D18B5EDCDE8}.Release|x64.Build.0 = Release|Any CPU
		{51450976-BD8C-45D7-8C09-5D18B5EDCDE8}.Release|x86.ActiveCfg = Release|Any CPU
		{51450976-BD8C-45D7-8C09-5D18B5EDCDE8}.Release|x86.Build.0 = Release|Any CPU
		{54301894-D299-406C-A8B9-7511CEF0376F}.Debug|Any CPU.ActiveCfg = Debug|Any CPU
		{54301894-D299-406C-A8B9-7511CEF0376F}.Debug|Any CPU.Build.0 = Debug|Any CPU
		{54301894-D299-406C-A8B9-7511CEF0376F}.Debug|x64.ActiveCfg = Debug|Any CPU
		{54301894-D299-406C-A8B9-7511CEF0376F}.Debug|x64.Build.0 = Debug|Any CPU
		{54301894-D299-406C-A8B9-7511CEF0376F}.Debug|x86.ActiveCfg = Debug|Any CPU
		{54301894-D299-406C-A8B9-7511CEF0376F}.Debug|x86.Build.0 = Debug|Any CPU
		{54301894-D299-406C-A8B9-7511CEF0376F}.Release|Any CPU.ActiveCfg = Release|Any CPU
		{54301894-D299-406C-A8B9-7511CEF0376F}.Release|Any CPU.Build.0 = Release|Any CPU
		{54301894-D299-406C-A8B9-7511CEF0376F}.Release|x64.ActiveCfg = Release|Any CPU
		{54301894-D299-406C-A8B9-7511CEF0376F}.Release|x64.Build.0 = Release|Any CPU
		{54301894-D299-406C-A8B9-7511CEF0376F}.Release|x86.ActiveCfg = Release|Any CPU
		{54301894-D299-406C-A8B9-7511CEF0376F}.Release|x86.Build.0 = Release|Any CPU
		{2D27DC53-120D-446E-9F9E-F3158745D490}.Debug|Any CPU.ActiveCfg = Debug|Any CPU
		{2D27DC53-120D-446E-9F9E-F3158745D490}.Debug|Any CPU.Build.0 = Debug|Any CPU
		{2D27DC53-120D-446E-9F9E-F3158745D490}.Debug|x64.ActiveCfg = Debug|Any CPU
		{2D27DC53-120D-446E-9F9E-F3158745D490}.Debug|x64.Build.0 = Debug|Any CPU
		{2D27DC53-120D-446E-9F9E-F3158745D490}.Debug|x86.ActiveCfg = Debug|Any CPU
		{2D27DC53-120D-446E-9F9E-F3158745D490}.Debug|x86.Build.0 = Debug|Any CPU
		{2D27DC53-120D-446E-9F9E-F3158745D490}.Release|Any CPU.ActiveCfg = Release|Any CPU
		{2D27DC53-120D-446E-9F9E-F3158745D490}.Release|Any CPU.Build.0 = Release|Any CPU
		{2D27DC53-120D-446E-9F9E-F3158745D490}.Release|x64.ActiveCfg = Release|Any CPU
		{2D27DC53-120D-446E-9F9E-F3158745D490}.Release|x64.Build.0 = Release|Any CPU
		{2D27DC53-120D-446E-9F9E-F3158745D490}.Release|x86.ActiveCfg = Release|Any CPU
		{2D27DC53-120D-446E-9F9E-F3158745D490}.Release|x86.Build.0 = Release|Any CPU
		{5C0B9FB4-74B9-4818-86FA-8BBC786A6BBA}.Debug|Any CPU.ActiveCfg = Debug|Any CPU
		{5C0B9FB4-74B9-4818-86FA-8BBC786A6BBA}.Debug|Any CPU.Build.0 = Debug|Any CPU
		{5C0B9FB4-74B9-4818-86FA-8BBC786A6BBA}.Debug|x64.ActiveCfg = Debug|Any CPU
		{5C0B9FB4-74B9-4818-86FA-8BBC786A6BBA}.Debug|x64.Build.0 = Debug|Any CPU
		{5C0B9FB4-74B9-4818-86FA-8BBC786A6BBA}.Debug|x86.ActiveCfg = Debug|Any CPU
		{5C0B9FB4-74B9-4818-86FA-8BBC786A6BBA}.Debug|x86.Build.0 = Debug|Any CPU
		{5C0B9FB4-74B9-4818-86FA-8BBC786A6BBA}.Release|Any CPU.ActiveCfg = Release|Any CPU
		{5C0B9FB4-74B9-4818-86FA-8BBC786A6BBA}.Release|Any CPU.Build.0 = Release|Any CPU
		{5C0B9FB4-74B9-4818-86FA-8BBC786A6BBA}.Release|x64.ActiveCfg = Release|Any CPU
		{5C0B9FB4-74B9-4818-86FA-8BBC786A6BBA}.Release|x64.Build.0 = Release|Any CPU
		{5C0B9FB4-74B9-4818-86FA-8BBC786A6BBA}.Release|x86.ActiveCfg = Release|Any CPU
		{5C0B9FB4-74B9-4818-86FA-8BBC786A6BBA}.Release|x86.Build.0 = Release|Any CPU
		{3255312C-46E9-40D1-85BA-C569D2E71726}.Debug|Any CPU.ActiveCfg = Debug|Any CPU
		{3255312C-46E9-40D1-85BA-C569D2E71726}.Debug|Any CPU.Build.0 = Debug|Any CPU
		{3255312C-46E9-40D1-85BA-C569D2E71726}.Debug|x64.ActiveCfg = Debug|Any CPU
		{3255312C-46E9-40D1-85BA-C569D2E71726}.Debug|x64.Build.0 = Debug|Any CPU
		{3255312C-46E9-40D1-85BA-C569D2E71726}.Debug|x86.ActiveCfg = Debug|Any CPU
		{3255312C-46E9-40D1-85BA-C569D2E71726}.Debug|x86.Build.0 = Debug|Any CPU
		{3255312C-46E9-40D1-85BA-C569D2E71726}.Release|Any CPU.ActiveCfg = Release|Any CPU
		{3255312C-46E9-40D1-85BA-C569D2E71726}.Release|Any CPU.Build.0 = Release|Any CPU
		{3255312C-46E9-40D1-85BA-C569D2E71726}.Release|x64.ActiveCfg = Release|Any CPU
		{3255312C-46E9-40D1-85BA-C569D2E71726}.Release|x64.Build.0 = Release|Any CPU
		{3255312C-46E9-40D1-85BA-C569D2E71726}.Release|x86.ActiveCfg = Release|Any CPU
		{3255312C-46E9-40D1-85BA-C569D2E71726}.Release|x86.Build.0 = Release|Any CPU
		{625CA48B-E47C-44BC-8E9F-C04892FF1015}.Debug|Any CPU.ActiveCfg = Debug|Any CPU
		{625CA48B-E47C-44BC-8E9F-C04892FF1015}.Debug|Any CPU.Build.0 = Debug|Any CPU
		{625CA48B-E47C-44BC-8E9F-C04892FF1015}.Debug|x64.ActiveCfg = Debug|Any CPU
		{625CA48B-E47C-44BC-8E9F-C04892FF1015}.Debug|x64.Build.0 = Debug|Any CPU
		{625CA48B-E47C-44BC-8E9F-C04892FF1015}.Debug|x86.ActiveCfg = Debug|Any CPU
		{625CA48B-E47C-44BC-8E9F-C04892FF1015}.Debug|x86.Build.0 = Debug|Any CPU
		{625CA48B-E47C-44BC-8E9F-C04892FF1015}.Release|Any CPU.ActiveCfg = Release|Any CPU
		{625CA48B-E47C-44BC-8E9F-C04892FF1015}.Release|Any CPU.Build.0 = Release|Any CPU
		{625CA48B-E47C-44BC-8E9F-C04892FF1015}.Release|x64.ActiveCfg = Release|Any CPU
		{625CA48B-E47C-44BC-8E9F-C04892FF1015}.Release|x64.Build.0 = Release|Any CPU
		{625CA48B-E47C-44BC-8E9F-C04892FF1015}.Release|x86.ActiveCfg = Release|Any CPU
		{625CA48B-E47C-44BC-8E9F-C04892FF1015}.Release|x86.Build.0 = Release|Any CPU
	EndGlobalSection
	GlobalSection(SolutionProperties) = preSolution
		HideSolutionNode = FALSE
	EndGlobalSection
EndGlobal
